# THIS IS AN AUTOGENERATED FILE. DO NOT EDIT THIS FILE DIRECTLY.
# yarn lockfile v1


bar-chart-web-component@^1.1.0:
  version "1.1.1"
  resolved "https://registry.yarnpkg.com/bar-chart-web-component/-/bar-chart-web-component-1.1.1.tgz#20c283cd3d67eec846e47965e8b9c50b99470347"
  integrity sha512-ZQ7+fEnFEd+hHyEpArJGAhGljB684mnwbYR1YirptvvwDlKnmgzX2lxDszprxw07yvl8QAnCSdGLIsentVcg7Q==

file-saver@^2.0.2:
  version "2.0.5"
  resolved "https://registry.yarnpkg.com/file-saver/-/file-saver-2.0.5.tgz#d61cfe2ce059f414d899e9dd6d4107ee25670c38"
  integrity sha512-P9bmyZ3h/PRG+Nzga+rbdI4OEpNDzAVyy74uVO9ATgzLK6VtAsYybF/+TOCvrc0MO793d6+42lLyZTw7/ArVzA==

hellojs@^1.18.8:
  version "1.20.0"
  resolved "https://registry.yarnpkg.com/hellojs/-/hellojs-1.20.0.tgz#5d54c88a3333c4782593df992773676de06433ba"
  integrity sha512-zfZGRt0J0OpJHnw2GJz4uh+rzMNAMWpIymiaRbSmCqCvqDMLSx2/qR5JucqnHPsZHUEjyKj5aLJ8K54kyHHjLQ==

mustache@^4.2.0:
  version "4.2.0"
  resolved "https://registry.yarnpkg.com/mustache/-/mustache-4.2.0.tgz#e5892324d60a12ec9c2a73359edca52972bf6f64"
  integrity sha512-71ippSywq5Yb7/tVYyGbkBggbU8H3u5Rz56fH60jGFgr8uHwxs+aSKeqmluIVzM0m0kB7xQjKS6qPfd0b2ZoqQ==
