# THIS IS AN AUTOGENERATED FILE. DO NOT EDIT THIS FILE DIRECTLY.
# yarn lockfile v1


hellojs@^1.18.1:
  version "1.18.1"
  resolved "https://registry.yarnpkg.com/hellojs/-/hellojs-1.18.1.tgz#6c4148ca7eafec11ba554a62d35f79dd0326672a"
  integrity sha512-T673GW3RSuM4xzYfJpp/wNPDbUG9FlNSNkQn0thII8DOpl3NphcmtmNrHrmv8hyk1fosJHkgzDfbcpJvmeq5Gw==

"moostaka@https://github.com/bu-tegan/moostaka.git#tegan-devel":
  version "1.0.2"
  resolved "https://github.com/bu-tegan/moostaka.git#ef56542cb66233043c9e5180c1427841bc3762d8"
  dependencies:
    mustache "^3.0.1"

mustache@^3.0.1:
  version "3.0.1"
  resolved "https://registry.yarnpkg.com/mustache/-/mustache-3.0.1.tgz#873855f23aa8a95b150fb96d9836edbc5a1d248a"
  integrity sha512-jFI/4UVRsRYdUbuDTKT7KzfOp7FiD5WzYmmwNwXyUVypC0xjoTL78Fqc0jHUPIvvGD+6DQSPHIt1NE7D1ArsqA==
